
Microsoft Visual Studio Solution File, Format Version 12.00
# Visual Studio Version 16
VisualStudioVersion = 16.0.29306.81
MinimumVisualStudioVersion = 10.0.40219.1
Project("{FAE04EC0-301F-11D3-BF4B-00C04F79EFBC}") = "starter-module-web-forms", "starter-module-web-forms.csproj", "{81A4A3C3-D626-433B-9D53-305ED8BF6C65}"
EndProject
Global
	GlobalSection(SolutionConfigurationPlatforms) = preSolution
		Debug|Any CPU = Debug|Any CPU
		Release|Any CPU = Release|Any CPU
	EndGlobalSection
	GlobalSection(ProjectConfigurationPlatforms) = postSolution
		{81A4A3C3-D626-433B-9D53-305ED8BF6C65}.Debug|Any CPU.ActiveCfg = Debug|Any CPU
		{81A4A3C3-D626-433B-9D53-305ED8BF6C65}.Debug|Any CPU.Build.0 = Debug|Any CPU
		{81A4A3C3-D626-433B-9D53-305ED8BF6C65}.Release|Any CPU.ActiveCfg = Release|Any CPU
		{81A4A3C3-D626-433B-9D53-305ED8BF6C65}.Release|Any CPU.Build.0 = Release|Any CPU
	EndGlobalSection
	GlobalSection(SolutionProperties) = preSolution
		HideSolutionNode = FALSE
	EndGlobalSection
	GlobalSection(ExtensibilityGlobals) = postSolution
		SolutionGuid = {B3495D32-9734-4267-8709-DA5F2B6F5016}
	EndGlobalSection
EndGlobal
